// !$*UTF8*$!
{
	archiveVersion = 1;
	classes = {
	};
	objectVersion = 48;
	objects = {

/* Begin PBXBuildFile section */
		E68777C62077A048008EFBBC /* ClientError.swift in Sources */ = {isa = PBXBuildFile; fileRef = E68777C52077A048008EFBBC /* ClientError.swift */; };
		E68777CA2077A57B008EFBBC /* FlickrConstants.swift in Sources */ = {isa = PBXBuildFile; fileRef = E68777C92077A57B008EFBBC /* FlickrConstants.swift */; };
		E68777CD2077A8AE008EFBBC /* Photo.swift in Sources */ = {isa = PBXBuildFile; fileRef = E68777CC2077A8AE008EFBBC /* Photo.swift */; };
		E68777D02077B1A0008EFBBC /* MockURLSession.swift in Sources */ = {isa = PBXBuildFile; fileRef = E68777CF2077B1A0008EFBBC /* MockURLSession.swift */; };
		E68777D22077B1DA008EFBBC /* MockURLSessionDataTask.swift in Sources */ = {isa = PBXBuildFile; fileRef = E68777D12077B1DA008EFBBC /* MockURLSessionDataTask.swift */; };
		E6C5A5E52077E87D00990481 /* Map.storyboard in Resources */ = {isa = PBXBuildFile; fileRef = E6C5A5E42077E87D00990481 /* Map.storyboard */; };
		E6C5A5E72077EAD200990481 /* Photos.swift in Sources */ = {isa = PBXBuildFile; fileRef = E6C5A5E62077EAD200990481 /* Photos.swift */; };
		E6C5A5E92077EBF000990481 /* Result.swift in Sources */ = {isa = PBXBuildFile; fileRef = E6C5A5E82077EBF000990481 /* Result.swift */; };
		E6C5A5EE2077F2BD00990481 /* NSManagedObjectContext+Extension.swift in Sources */ = {isa = PBXBuildFile; fileRef = E6C5A5ED2077F2BD00990481 /* NSManagedObjectContext+Extension.swift */; };
		E6C5A5F12077F40600990481 /* UIViewController+UI.swift in Sources */ = {isa = PBXBuildFile; fileRef = E6C5A5F02077F40600990481 /* UIViewController+UI.swift */; };
		E6C5A5F62077F59C00990481 /* DataController.swift in Sources */ = {isa = PBXBuildFile; fileRef = E6C5A5F52077F59C00990481 /* DataController.swift */; };
		E6C5A5F82077F63900990481 /* MapViewController.swift in Sources */ = {isa = PBXBuildFile; fileRef = E6C5A5F72077F63900990481 /* MapViewController.swift */; };
		E6C5A5FA2077F7F800990481 /* MapViewModel.swift in Sources */ = {isa = PBXBuildFile; fileRef = E6C5A5F92077F7F800990481 /* MapViewModel.swift */; };
		E6C5A5FC2078056900990481 /* MapViewModelProtocol.swift in Sources */ = {isa = PBXBuildFile; fileRef = E6C5A5FB2078056900990481 /* MapViewModelProtocol.swift */; };
		E6C5A60220780A3600990481 /* LocationEntity+Extensions.swift in Sources */ = {isa = PBXBuildFile; fileRef = E6C5A60120780A3600990481 /* LocationEntity+Extensions.swift */; };
		E6C5A6042078177400990481 /* MapViewHandler.swift in Sources */ = {isa = PBXBuildFile; fileRef = E6C5A6032078177400990481 /* MapViewHandler.swift */; };
		E6EE08D42076B56F00584152 /* ClientAPI.swift in Sources */ = {isa = PBXBuildFile; fileRef = E6EE08D32076B56F00584152 /* ClientAPI.swift */; };
		E6EE08D62076B57A00584152 /* ClientProtocol.swift in Sources */ = {isa = PBXBuildFile; fileRef = E6EE08D52076B57A00584152 /* ClientProtocol.swift */; };
		E6EE08D82076B58300584152 /* ClientRequest.swift in Sources */ = {isa = PBXBuildFile; fileRef = E6EE08D72076B58300584152 /* ClientRequest.swift */; };
		E6EE08DE2076B6A300584152 /* FlickrAPI.swift in Sources */ = {isa = PBXBuildFile; fileRef = E6EE08DD2076B6A300584152 /* FlickrAPI.swift */; };
		E6F7F9DC20695DDA0016EF90 /* AppDelegate.swift in Sources */ = {isa = PBXBuildFile; fileRef = E6F7F9DB20695DDA0016EF90 /* AppDelegate.swift */; };
		E6F7F9DE20695DDA0016EF90 /* ViewController.swift in Sources */ = {isa = PBXBuildFile; fileRef = E6F7F9DD20695DDA0016EF90 /* ViewController.swift */; };
		E6F7F9E120695DDA0016EF90 /* Main.storyboard in Resources */ = {isa = PBXBuildFile; fileRef = E6F7F9DF20695DDA0016EF90 /* Main.storyboard */; };
		E6F7F9E420695DDA0016EF90 /* Virtual_Tourist.xcdatamodeld in Sources */ = {isa = PBXBuildFile; fileRef = E6F7F9E220695DDA0016EF90 /* Virtual_Tourist.xcdatamodeld */; };
		E6F7F9E620695DDA0016EF90 /* Assets.xcassets in Resources */ = {isa = PBXBuildFile; fileRef = E6F7F9E520695DDA0016EF90 /* Assets.xcassets */; };
		E6F7F9E920695DDA0016EF90 /* LaunchScreen.storyboard in Resources */ = {isa = PBXBuildFile; fileRef = E6F7F9E720695DDA0016EF90 /* LaunchScreen.storyboard */; };
		E6F7F9F420695DDA0016EF90 /* Virtual_TouristTests.swift in Sources */ = {isa = PBXBuildFile; fileRef = E6F7F9F320695DDA0016EF90 /* Virtual_TouristTests.swift */; };
/* End PBXBuildFile section */

/* Begin PBXContainerItemProxy section */
		E6F7F9F020695DDA0016EF90 /* PBXContainerItemProxy */ = {
			isa = PBXContainerItemProxy;
			containerPortal = E6F7F9D020695DDA0016EF90 /* Project object */;
			proxyType = 1;
			remoteGlobalIDString = E6F7F9D720695DDA0016EF90;
			remoteInfo = "Virtual Tourist";
		};
/* End PBXContainerItemProxy section */

/* Begin PBXFileReference section */
		E68777C52077A048008EFBBC /* ClientError.swift */ = {isa = PBXFileReference; lastKnownFileType = sourcecode.swift; path = ClientError.swift; sourceTree = "<group>"; };
		E68777C92077A57B008EFBBC /* FlickrConstants.swift */ = {isa = PBXFileReference; lastKnownFileType = sourcecode.swift; path = FlickrConstants.swift; sourceTree = "<group>"; };
		E68777CC2077A8AE008EFBBC /* Photo.swift */ = {isa = PBXFileReference; lastKnownFileType = sourcecode.swift; path = Photo.swift; sourceTree = "<group>"; };
		E68777CF2077B1A0008EFBBC /* MockURLSession.swift */ = {isa = PBXFileReference; lastKnownFileType = sourcecode.swift; path = MockURLSession.swift; sourceTree = "<group>"; };
		E68777D12077B1DA008EFBBC /* MockURLSessionDataTask.swift */ = {isa = PBXFileReference; lastKnownFileType = sourcecode.swift; path = MockURLSessionDataTask.swift; sourceTree = "<group>"; };
		E6C5A5E42077E87D00990481 /* Map.storyboard */ = {isa = PBXFileReference; lastKnownFileType = file.storyboard; path = Map.storyboard; sourceTree = "<group>"; };
		E6C5A5E62077EAD200990481 /* Photos.swift */ = {isa = PBXFileReference; lastKnownFileType = sourcecode.swift; path = Photos.swift; sourceTree = "<group>"; };
		E6C5A5E82077EBF000990481 /* Result.swift */ = {isa = PBXFileReference; lastKnownFileType = sourcecode.swift; path = Result.swift; sourceTree = "<group>"; };
		E6C5A5ED2077F2BD00990481 /* NSManagedObjectContext+Extension.swift */ = {isa = PBXFileReference; lastKnownFileType = sourcecode.swift; path = "NSManagedObjectContext+Extension.swift"; sourceTree = "<group>"; };
		E6C5A5F02077F40600990481 /* UIViewController+UI.swift */ = {isa = PBXFileReference; lastKnownFileType = sourcecode.swift; path = "UIViewController+UI.swift"; sourceTree = "<group>"; };
		E6C5A5F52077F59C00990481 /* DataController.swift */ = {isa = PBXFileReference; lastKnownFileType = sourcecode.swift; path = DataController.swift; sourceTree = "<group>"; };
		E6C5A5F72077F63900990481 /* MapViewController.swift */ = {isa = PBXFileReference; lastKnownFileType = sourcecode.swift; path = MapViewController.swift; sourceTree = "<group>"; };
		E6C5A5F92077F7F800990481 /* MapViewModel.swift */ = {isa = PBXFileReference; lastKnownFileType = sourcecode.swift; path = MapViewModel.swift; sourceTree = "<group>"; };
		E6C5A5FB2078056900990481 /* MapViewModelProtocol.swift */ = {isa = PBXFileReference; lastKnownFileType = sourcecode.swift; path = MapViewModelProtocol.swift; sourceTree = "<group>"; };
		E6C5A60120780A3600990481 /* LocationEntity+Extensions.swift */ = {isa = PBXFileReference; lastKnownFileType = sourcecode.swift; path = "LocationEntity+Extensions.swift"; sourceTree = "<group>"; };
		E6C5A6032078177400990481 /* MapViewHandler.swift */ = {isa = PBXFileReference; lastKnownFileType = sourcecode.swift; path = MapViewHandler.swift; sourceTree = "<group>"; };
		E6EE08D32076B56F00584152 /* ClientAPI.swift */ = {isa = PBXFileReference; lastKnownFileType = sourcecode.swift; path = ClientAPI.swift; sourceTree = "<group>"; };
		E6EE08D52076B57A00584152 /* ClientProtocol.swift */ = {isa = PBXFileReference; lastKnownFileType = sourcecode.swift; path = ClientProtocol.swift; sourceTree = "<group>"; };
		E6EE08D72076B58300584152 /* ClientRequest.swift */ = {isa = PBXFileReference; lastKnownFileType = sourcecode.swift; path = ClientRequest.swift; sourceTree = "<group>"; };
		E6EE08DD2076B6A300584152 /* FlickrAPI.swift */ = {isa = PBXFileReference; lastKnownFileType = sourcecode.swift; path = FlickrAPI.swift; sourceTree = "<group>"; };
		E6F7F9D820695DDA0016EF90 /* Virtual Tourist.app */ = {isa = PBXFileReference; explicitFileType = wrapper.application; includeInIndex = 0; path = "Virtual Tourist.app"; sourceTree = BUILT_PRODUCTS_DIR; };
		E6F7F9DB20695DDA0016EF90 /* AppDelegate.swift */ = {isa = PBXFileReference; lastKnownFileType = sourcecode.swift; path = AppDelegate.swift; sourceTree = "<group>"; };
		E6F7F9DD20695DDA0016EF90 /* ViewController.swift */ = {isa = PBXFileReference; lastKnownFileType = sourcecode.swift; path = ViewController.swift; sourceTree = "<group>"; };
		E6F7F9E020695DDA0016EF90 /* Base */ = {isa = PBXFileReference; lastKnownFileType = file.storyboard; name = Base; path = Base.lproj/Main.storyboard; sourceTree = "<group>"; };
		E6F7F9E320695DDA0016EF90 /* Virtual_Tourist.xcdatamodel */ = {isa = PBXFileReference; lastKnownFileType = wrapper.xcdatamodel; path = Virtual_Tourist.xcdatamodel; sourceTree = "<group>"; };
		E6F7F9E520695DDA0016EF90 /* Assets.xcassets */ = {isa = PBXFileReference; lastKnownFileType = folder.assetcatalog; path = Assets.xcassets; sourceTree = "<group>"; };
		E6F7F9E820695DDA0016EF90 /* Base */ = {isa = PBXFileReference; lastKnownFileType = file.storyboard; name = Base; path = Base.lproj/LaunchScreen.storyboard; sourceTree = "<group>"; };
		E6F7F9EA20695DDA0016EF90 /* Info.plist */ = {isa = PBXFileReference; lastKnownFileType = text.plist.xml; path = Info.plist; sourceTree = "<group>"; };
		E6F7F9EF20695DDA0016EF90 /* Virtual TouristTests.xctest */ = {isa = PBXFileReference; explicitFileType = wrapper.cfbundle; includeInIndex = 0; path = "Virtual TouristTests.xctest"; sourceTree = BUILT_PRODUCTS_DIR; };
		E6F7F9F320695DDA0016EF90 /* Virtual_TouristTests.swift */ = {isa = PBXFileReference; lastKnownFileType = sourcecode.swift; path = Virtual_TouristTests.swift; sourceTree = "<group>"; };
		E6F7F9F520695DDA0016EF90 /* Info.plist */ = {isa = PBXFileReference; lastKnownFileType = text.plist.xml; path = Info.plist; sourceTree = "<group>"; };
/* End PBXFileReference section */

/* Begin PBXFrameworksBuildPhase section */
		E6F7F9D520695DDA0016EF90 /* Frameworks */ = {
			isa = PBXFrameworksBuildPhase;
			buildActionMask = 2147483647;
			files = (
			);
			runOnlyForDeploymentPostprocessing = 0;
		};
		E6F7F9EC20695DDA0016EF90 /* Frameworks */ = {
			isa = PBXFrameworksBuildPhase;
			buildActionMask = 2147483647;
			files = (
			);
			runOnlyForDeploymentPostprocessing = 0;
		};
/* End PBXFrameworksBuildPhase section */

/* Begin PBXGroup section */
		E68777C82077A541008EFBBC /* Client */ = {
			isa = PBXGroup;
			children = (
				E6EE08D32076B56F00584152 /* ClientAPI.swift */,
				E6EE08D52076B57A00584152 /* ClientProtocol.swift */,
				E6EE08D72076B58300584152 /* ClientRequest.swift */,
				E68777C52077A048008EFBBC /* ClientError.swift */,
			);
			path = Client;
			sourceTree = "<group>";
		};
		E68777CB2077A89B008EFBBC /* Model */ = {
			isa = PBXGroup;
			children = (
				E6C5A60020780A1900990481 /* Managed Object Extensions */,
				E6F7F9E220695DDA0016EF90 /* Virtual_Tourist.xcdatamodeld */,
				E6C5A5F52077F59C00990481 /* DataController.swift */,
			);
			path = Model;
			sourceTree = "<group>";
		};
		E68777CE2077B18E008EFBBC /* Mocks */ = {
			isa = PBXGroup;
			children = (
				E68777CF2077B1A0008EFBBC /* MockURLSession.swift */,
				E68777D12077B1DA008EFBBC /* MockURLSessionDataTask.swift */,
			);
			path = Mocks;
			sourceTree = "<group>";
		};
		E690363D206C1A51004D22F6 /* Network */ = {
			isa = PBXGroup;
			children = (
				E6903642206C2389004D22F6 /* Flickr */,
				E68777C82077A541008EFBBC /* Client */,
			);
			path = Network;
			sourceTree = "<group>";
		};
		E6903642206C2389004D22F6 /* Flickr */ = {
			isa = PBXGroup;
			children = (
				E6EE08DD2076B6A300584152 /* FlickrAPI.swift */,
				E68777C92077A57B008EFBBC /* FlickrConstants.swift */,
			);
			path = Flickr;
			sourceTree = "<group>";
		};
		E6C5A5E32077E86E00990481 /* Map */ = {
			isa = PBXGroup;
			children = (
				E6C5A5EB2077F06B00990481 /* ViewModel */,
				E6C5A5EA2077F06500990481 /* Controllers */,
				E6C5A5E42077E87D00990481 /* Map.storyboard */,
			);
			path = Map;
			sourceTree = "<group>";
		};
		E6C5A5EA2077F06500990481 /* Controllers */ = {
			isa = PBXGroup;
			children = (
				E6C5A5F72077F63900990481 /* MapViewController.swift */,
				E6C5A6032078177400990481 /* MapViewHandler.swift */,
			);
			path = Controllers;
			sourceTree = "<group>";
		};
		E6C5A5EB2077F06B00990481 /* ViewModel */ = {
			isa = PBXGroup;
			children = (
				E6C5A5F92077F7F800990481 /* MapViewModel.swift */,
				E6C5A5FB2078056900990481 /* MapViewModelProtocol.swift */,
			);
			path = ViewModel;
			sourceTree = "<group>";
		};
		E6C5A5EC2077F29E00990481 /* Extensions */ = {
			isa = PBXGroup;
			children = (
				E6C5A5ED2077F2BD00990481 /* NSManagedObjectContext+Extension.swift */,
				E6C5A5F02077F40600990481 /* UIViewController+UI.swift */,
			);
			path = Extensions;
			sourceTree = "<group>";
		};
		E6C5A5F22077F57400990481 /* Response */ = {
			isa = PBXGroup;
			children = (
				E68777CC2077A8AE008EFBBC /* Photo.swift */,
				E6C5A5E62077EAD200990481 /* Photos.swift */,
				E6C5A5E82077EBF000990481 /* Result.swift */,
			);
			path = Response;
			sourceTree = "<group>";
		};
		E6C5A60020780A1900990481 /* Managed Object Extensions */ = {
			isa = PBXGroup;
			children = (
				E6C5A60120780A3600990481 /* LocationEntity+Extensions.swift */,
			);
			path = "Managed Object Extensions";
			sourceTree = "<group>";
		};
		E6C5A6052078205200990481 /* Views */ = {
			isa = PBXGroup;
			children = (
				E6C5A6072078209D00990481 /* Album */,
				E6C5A5E32077E86E00990481 /* Map */,
			);
			path = Views;
			sourceTree = "<group>";
		};
		E6C5A6062078207000990481 /* Support Files */ = {
			isa = PBXGroup;
			children = (
				E6F7F9DD20695DDA0016EF90 /* ViewController.swift */,
				E6F7F9DB20695DDA0016EF90 /* AppDelegate.swift */,
				E6F7F9E520695DDA0016EF90 /* Assets.xcassets */,
				E6F7F9EA20695DDA0016EF90 /* Info.plist */,
				E6F7F9E720695DDA0016EF90 /* LaunchScreen.storyboard */,
				E6F7F9DF20695DDA0016EF90 /* Main.storyboard */,
			);
			path = "Support Files";
			sourceTree = "<group>";
		};
		E6C5A6072078209D00990481 /* Album */ = {
			isa = PBXGroup;
			children = (
			);
			path = Album;
			sourceTree = "<group>";
		};
		E6F7F9CF20695DDA0016EF90 = {
			isa = PBXGroup;
			children = (
				E6F7F9DA20695DDA0016EF90 /* Virtual Tourist */,
				E6F7F9F220695DDA0016EF90 /* Virtual TouristTests */,
				E6F7F9D920695DDA0016EF90 /* Products */,
			);
			sourceTree = "<group>";
		};
		E6F7F9D920695DDA0016EF90 /* Products */ = {
			isa = PBXGroup;
			children = (
				E6F7F9D820695DDA0016EF90 /* Virtual Tourist.app */,
				E6F7F9EF20695DDA0016EF90 /* Virtual TouristTests.xctest */,
			);
			name = Products;
			sourceTree = "<group>";
		};
		E6F7F9DA20695DDA0016EF90 /* Virtual Tourist */ = {
			isa = PBXGroup;
			children = (
				E6C5A5EC2077F29E00990481 /* Extensions */,
				E68777CB2077A89B008EFBBC /* Model */,
				E690363D206C1A51004D22F6 /* Network */,
				E6C5A5F22077F57400990481 /* Response */,
				E6C5A6062078207000990481 /* Support Files */,
				E6C5A6052078205200990481 /* Views */,
			);
			path = "Virtual Tourist";
			sourceTree = "<group>";
		};
		E6F7F9F220695DDA0016EF90 /* Virtual TouristTests */ = {
			isa = PBXGroup;
			children = (
				E68777CE2077B18E008EFBBC /* Mocks */,
				E6F7F9F320695DDA0016EF90 /* Virtual_TouristTests.swift */,
				E6F7F9F520695DDA0016EF90 /* Info.plist */,
			);
			path = "Virtual TouristTests";
			sourceTree = "<group>";
		};
/* End PBXGroup section */

/* Begin PBXNativeTarget section */
		E6F7F9D720695DDA0016EF90 /* Virtual Tourist */ = {
			isa = PBXNativeTarget;
			buildConfigurationList = E6F7F9F820695DDA0016EF90 /* Build configuration list for PBXNativeTarget "Virtual Tourist" */;
			buildPhases = (
				E6F7F9D420695DDA0016EF90 /* Sources */,
				E6F7F9D520695DDA0016EF90 /* Frameworks */,
				E6F7F9D620695DDA0016EF90 /* Resources */,
				E6C5A5E12077DB9D00990481 /* Swift Lint */,
			);
			buildRules = (
			);
			dependencies = (
			);
			name = "Virtual Tourist";
			productName = "Virtual Tourist";
			productReference = E6F7F9D820695DDA0016EF90 /* Virtual Tourist.app */;
			productType = "com.apple.product-type.application";
		};
		E6F7F9EE20695DDA0016EF90 /* Virtual TouristTests */ = {
			isa = PBXNativeTarget;
			buildConfigurationList = E6F7F9FB20695DDA0016EF90 /* Build configuration list for PBXNativeTarget "Virtual TouristTests" */;
			buildPhases = (
				E6F7F9EB20695DDA0016EF90 /* Sources */,
				E6F7F9EC20695DDA0016EF90 /* Frameworks */,
				E6F7F9ED20695DDA0016EF90 /* Resources */,
			);
			buildRules = (
			);
			dependencies = (
				E6F7F9F120695DDA0016EF90 /* PBXTargetDependency */,
			);
			name = "Virtual TouristTests";
			productName = "Virtual TouristTests";
			productReference = E6F7F9EF20695DDA0016EF90 /* Virtual TouristTests.xctest */;
			productType = "com.apple.product-type.bundle.unit-test";
		};
/* End PBXNativeTarget section */

/* Begin PBXProject section */
		E6F7F9D020695DDA0016EF90 /* Project object */ = {
			isa = PBXProject;
			attributes = {
				LastSwiftUpdateCheck = 0920;
				LastUpgradeCheck = 0920;
				ORGANIZATIONNAME = Progeekt;
				TargetAttributes = {
					E6F7F9D720695DDA0016EF90 = {
						CreatedOnToolsVersion = 9.2;
						ProvisioningStyle = Automatic;
					};
					E6F7F9EE20695DDA0016EF90 = {
						CreatedOnToolsVersion = 9.2;
						ProvisioningStyle = Automatic;
						TestTargetID = E6F7F9D720695DDA0016EF90;
					};
				};
			};
			buildConfigurationList = E6F7F9D320695DDA0016EF90 /* Build configuration list for PBXProject "Virtual Tourist" */;
			compatibilityVersion = "Xcode 8.0";
			developmentRegion = en;
			hasScannedForEncodings = 0;
			knownRegions = (
				en,
				Base,
			);
			mainGroup = E6F7F9CF20695DDA0016EF90;
			productRefGroup = E6F7F9D920695DDA0016EF90 /* Products */;
			projectDirPath = "";
			projectRoot = "";
			targets = (
				E6F7F9D720695DDA0016EF90 /* Virtual Tourist */,
				E6F7F9EE20695DDA0016EF90 /* Virtual TouristTests */,
			);
		};
/* End PBXProject section */

/* Begin PBXResourcesBuildPhase section */
		E6F7F9D620695DDA0016EF90 /* Resources */ = {
			isa = PBXResourcesBuildPhase;
			buildActionMask = 2147483647;
			files = (
				E6F7F9E920695DDA0016EF90 /* LaunchScreen.storyboard in Resources */,
				E6F7F9E620695DDA0016EF90 /* Assets.xcassets in Resources */,
				E6F7F9E120695DDA0016EF90 /* Main.storyboard in Resources */,
				E6C5A5E52077E87D00990481 /* Map.storyboard in Resources */,
			);
			runOnlyForDeploymentPostprocessing = 0;
		};
		E6F7F9ED20695DDA0016EF90 /* Resources */ = {
			isa = PBXResourcesBuildPhase;
			buildActionMask = 2147483647;
			files = (
			);
			runOnlyForDeploymentPostprocessing = 0;
		};
/* End PBXResourcesBuildPhase section */

/* Begin PBXShellScriptBuildPhase section */
		E6C5A5E12077DB9D00990481 /* Swift Lint */ = {
			isa = PBXShellScriptBuildPhase;
			buildActionMask = 2147483647;
			files = (
			);
			inputPaths = (
			);
			name = "Swift Lint";
			outputPaths = (
			);
			runOnlyForDeploymentPostprocessing = 0;
			shellPath = /bin/sh;
			shellScript = "if which swiftlint >/dev/null; then\nswiftlint\nelse\necho \"warning: SwiftLint not installed, download from https://github.com/realm/SwiftLint\"\nfi";
		};
/* End PBXShellScriptBuildPhase section */

/* Begin PBXSourcesBuildPhase section */
		E6F7F9D420695DDA0016EF90 /* Sources */ = {
			isa = PBXSourcesBuildPhase;
			buildActionMask = 2147483647;
			files = (
				E6EE08D62076B57A00584152 /* ClientProtocol.swift in Sources */,
				E6C5A60220780A3600990481 /* LocationEntity+Extensions.swift in Sources */,
				E68777CA2077A57B008EFBBC /* FlickrConstants.swift in Sources */,
				E6F7F9DE20695DDA0016EF90 /* ViewController.swift in Sources */,
				E6EE08D42076B56F00584152 /* ClientAPI.swift in Sources */,
				E68777CD2077A8AE008EFBBC /* Photo.swift in Sources */,
				E6C5A6042078177400990481 /* MapViewHandler.swift in Sources */,
				E6C5A5E72077EAD200990481 /* Photos.swift in Sources */,
				E6C5A5E92077EBF000990481 /* Result.swift in Sources */,
				E6C5A5EE2077F2BD00990481 /* NSManagedObjectContext+Extension.swift in Sources */,
				E6C5A5F12077F40600990481 /* UIViewController+UI.swift in Sources */,
				E6F7F9E420695DDA0016EF90 /* Virtual_Tourist.xcdatamodeld in Sources */,
				E6C5A5F62077F59C00990481 /* DataController.swift in Sources */,
				E6C5A5FC2078056900990481 /* MapViewModelProtocol.swift in Sources */,
				E68777C62077A048008EFBBC /* ClientError.swift in Sources */,
				E6EE08D82076B58300584152 /* ClientRequest.swift in Sources */,
				E6C5A5FA2077F7F800990481 /* MapViewModel.swift in Sources */,
				E6F7F9DC20695DDA0016EF90 /* AppDelegate.swift in Sources */,
				E6EE08DE2076B6A300584152 /* FlickrAPI.swift in Sources */,
				E6C5A5F82077F63900990481 /* MapViewController.swift in Sources */,
			);
			runOnlyForDeploymentPostprocessing = 0;
		};
		E6F7F9EB20695DDA0016EF90 /* Sources */ = {
			isa = PBXSourcesBuildPhase;
			buildActionMask = 2147483647;
			files = (
				E68777D22077B1DA008EFBBC /* MockURLSessionDataTask.swift in Sources */,
				E68777D02077B1A0008EFBBC /* MockURLSession.swift in Sources */,
				E6F7F9F420695DDA0016EF90 /* Virtual_TouristTests.swift in Sources */,
			);
			runOnlyForDeploymentPostprocessing = 0;
		};
/* End PBXSourcesBuildPhase section */

/* Begin PBXTargetDependency section */
		E6F7F9F120695DDA0016EF90 /* PBXTargetDependency */ = {
			isa = PBXTargetDependency;
			target = E6F7F9D720695DDA0016EF90 /* Virtual Tourist */;
			targetProxy = E6F7F9F020695DDA0016EF90 /* PBXContainerItemProxy */;
		};
/* End PBXTargetDependency section */

/* Begin PBXVariantGroup section */
		E6F7F9DF20695DDA0016EF90 /* Main.storyboard */ = {
			isa = PBXVariantGroup;
			children = (
				E6F7F9E020695DDA0016EF90 /* Base */,
			);
			name = Main.storyboard;
			sourceTree = "<group>";
		};
		E6F7F9E720695DDA0016EF90 /* LaunchScreen.storyboard */ = {
			isa = PBXVariantGroup;
			children = (
				E6F7F9E820695DDA0016EF90 /* Base */,
			);
			name = LaunchScreen.storyboard;
			sourceTree = "<group>";
		};
/* End PBXVariantGroup section */

/* Begin XCBuildConfiguration section */
		E6F7F9F620695DDA0016EF90 /* Debug */ = {
			isa = XCBuildConfiguration;
			buildSettings = {
				ALWAYS_SEARCH_USER_PATHS = NO;
				CLANG_ANALYZER_NONNULL = YES;
				CLANG_ANALYZER_NUMBER_OBJECT_CONVERSION = YES_AGGRESSIVE;
				CLANG_CXX_LANGUAGE_STANDARD = "gnu++14";
				CLANG_CXX_LIBRARY = "libc++";
				CLANG_ENABLE_MODULES = YES;
				CLANG_ENABLE_OBJC_ARC = YES;
				CLANG_WARN_BLOCK_CAPTURE_AUTORELEASING = YES;
				CLANG_WARN_BOOL_CONVERSION = YES;
				CLANG_WARN_COMMA = YES;
				CLANG_WARN_CONSTANT_CONVERSION = YES;
				CLANG_WARN_DIRECT_OBJC_ISA_USAGE = YES_ERROR;
				CLANG_WARN_DOCUMENTATION_COMMENTS = YES;
				CLANG_WARN_EMPTY_BODY = YES;
				CLANG_WARN_ENUM_CONVERSION = YES;
				CLANG_WARN_INFINITE_RECURSION = YES;
				CLANG_WARN_INT_CONVERSION = YES;
				CLANG_WARN_NON_LITERAL_NULL_CONVERSION = YES;
				CLANG_WARN_OBJC_LITERAL_CONVERSION = YES;
				CLANG_WARN_OBJC_ROOT_CLASS = YES_ERROR;
				CLANG_WARN_RANGE_LOOP_ANALYSIS = YES;
				CLANG_WARN_STRICT_PROTOTYPES = YES;
				CLANG_WARN_SUSPICIOUS_MOVE = YES;
				CLANG_WARN_UNGUARDED_AVAILABILITY = YES_AGGRESSIVE;
				CLANG_WARN_UNREACHABLE_CODE = YES;
				CLANG_WARN__DUPLICATE_METHOD_MATCH = YES;
				CODE_SIGN_IDENTITY = "iPhone Developer";
				COPY_PHASE_STRIP = NO;
				DEBUG_INFORMATION_FORMAT = dwarf;
				ENABLE_STRICT_OBJC_MSGSEND = YES;
				ENABLE_TESTABILITY = YES;
				GCC_C_LANGUAGE_STANDARD = gnu11;
				GCC_DYNAMIC_NO_PIC = NO;
				GCC_NO_COMMON_BLOCKS = YES;
				GCC_OPTIMIZATION_LEVEL = 0;
				GCC_PREPROCESSOR_DEFINITIONS = (
					"DEBUG=1",
					"$(inherited)",
				);
				GCC_WARN_64_TO_32_BIT_CONVERSION = YES;
				GCC_WARN_ABOUT_RETURN_TYPE = YES_ERROR;
				GCC_WARN_UNDECLARED_SELECTOR = YES;
				GCC_WARN_UNINITIALIZED_AUTOS = YES_AGGRESSIVE;
				GCC_WARN_UNUSED_FUNCTION = YES;
				GCC_WARN_UNUSED_VARIABLE = YES;
				IPHONEOS_DEPLOYMENT_TARGET = 11.2;
				MTL_ENABLE_DEBUG_INFO = YES;
				ONLY_ACTIVE_ARCH = YES;
				SDKROOT = iphoneos;
				SWIFT_ACTIVE_COMPILATION_CONDITIONS = DEBUG;
				SWIFT_OPTIMIZATION_LEVEL = "-Onone";
			};
			name = Debug;
		};
		E6F7F9F720695DDA0016EF90 /* Release */ = {
			isa = XCBuildConfiguration;
			buildSettings = {
				ALWAYS_SEARCH_USER_PATHS = NO;
				CLANG_ANALYZER_NONNULL = YES;
				CLANG_ANALYZER_NUMBER_OBJECT_CONVERSION = YES_AGGRESSIVE;
				CLANG_CXX_LANGUAGE_STANDARD = "gnu++14";
				CLANG_CXX_LIBRARY = "libc++";
				CLANG_ENABLE_MODULES = YES;
				CLANG_ENABLE_OBJC_ARC = YES;
				CLANG_WARN_BLOCK_CAPTURE_AUTORELEASING = YES;
				CLANG_WARN_BOOL_CONVERSION = YES;
				CLANG_WARN_COMMA = YES;
				CLANG_WARN_CONSTANT_CONVERSION = YES;
				CLANG_WARN_DIRECT_OBJC_ISA_USAGE = YES_ERROR;
				CLANG_WARN_DOCUMENTATION_COMMENTS = YES;
				CLANG_WARN_EMPTY_BODY = YES;
				CLANG_WARN_ENUM_CONVERSION = YES;
				CLANG_WARN_INFINITE_RECURSION = YES;
				CLANG_WARN_INT_CONVERSION = YES;
				CLANG_WARN_NON_LITERAL_NULL_CONVERSION = YES;
				CLANG_WARN_OBJC_LITERAL_CONVERSION = YES;
				CLANG_WARN_OBJC_ROOT_CLASS = YES_ERROR;
				CLANG_WARN_RANGE_LOOP_ANALYSIS = YES;
				CLANG_WARN_STRICT_PROTOTYPES = YES;
				CLANG_WARN_SUSPICIOUS_MOVE = YES;
				CLANG_WARN_UNGUARDED_AVAILABILITY = YES_AGGRESSIVE;
				CLANG_WARN_UNREACHABLE_CODE = YES;
				CLANG_WARN__DUPLICATE_METHOD_MATCH = YES;
				CODE_SIGN_IDENTITY = "iPhone Developer";
				COPY_PHASE_STRIP = NO;
				DEBUG_INFORMATION_FORMAT = "dwarf-with-dsym";
				ENABLE_NS_ASSERTIONS = NO;
				ENABLE_STRICT_OBJC_MSGSEND = YES;
				GCC_C_LANGUAGE_STANDARD = gnu11;
				GCC_NO_COMMON_BLOCKS = YES;
				GCC_WARN_64_TO_32_BIT_CONVERSION = YES;
				GCC_WARN_ABOUT_RETURN_TYPE = YES_ERROR;
				GCC_WARN_UNDECLARED_SELECTOR = YES;
				GCC_WARN_UNINITIALIZED_AUTOS = YES_AGGRESSIVE;
				GCC_WARN_UNUSED_FUNCTION = YES;
				GCC_WARN_UNUSED_VARIABLE = YES;
				IPHONEOS_DEPLOYMENT_TARGET = 11.2;
				MTL_ENABLE_DEBUG_INFO = NO;
				SDKROOT = iphoneos;
				SWIFT_OPTIMIZATION_LEVEL = "-Owholemodule";
				VALIDATE_PRODUCT = YES;
			};
			name = Release;
		};
		E6F7F9F920695DDA0016EF90 /* Debug */ = {
			isa = XCBuildConfiguration;
			buildSettings = {
				ASSETCATALOG_COMPILER_APPICON_NAME = AppIcon;
				CODE_SIGN_STYLE = Automatic;
				DEVELOPMENT_TEAM = S5EZY468C5;
				INFOPLIST_FILE = "Virtual Tourist/Support Files/Info.plist";
				LD_RUNPATH_SEARCH_PATHS = "$(inherited) @executable_path/Frameworks";
				PRODUCT_BUNDLE_IDENTIFIER = "br.com.progeekt.Virtual-Tourist";
				PRODUCT_NAME = "$(TARGET_NAME)";
				SWIFT_VERSION = 4.0;
				TARGETED_DEVICE_FAMILY = "1,2";
			};
			name = Debug;
		};
		E6F7F9FA20695DDA0016EF90 /* Release */ = {
			isa = XCBuildConfiguration;
			buildSettings = {
				ASSETCATALOG_COMPILER_APPICON_NAME = AppIcon;
				CODE_SIGN_STYLE = Automatic;
				DEVELOPMENT_TEAM = S5EZY468C5;
				INFOPLIST_FILE = "Virtual Tourist/Support Files/Info.plist";
				LD_RUNPATH_SEARCH_PATHS = "$(inherited) @executable_path/Frameworks";
				PRODUCT_BUNDLE_IDENTIFIER = "br.com.progeekt.Virtual-Tourist";
				PRODUCT_NAME = "$(TARGET_NAME)";
				SWIFT_VERSION = 4.0;
				TARGETED_DEVICE_FAMILY = "1,2";
			};
			name = Release;
		};
		E6F7F9FC20695DDA0016EF90 /* Debug */ = {
			isa = XCBuildConfiguration;
			buildSettings = {
				ALWAYS_EMBED_SWIFT_STANDARD_LIBRARIES = YES;
				BUNDLE_LOADER = "$(TEST_HOST)";
				CODE_SIGN_STYLE = Automatic;
				DEVELOPMENT_TEAM = S5EZY468C5;
				INFOPLIST_FILE = "Virtual TouristTests/Info.plist";
				LD_RUNPATH_SEARCH_PATHS = "$(inherited) @executable_path/Frameworks @loader_path/Frameworks";
				PRODUCT_BUNDLE_IDENTIFIER = "br.com.progeekt.Virtual-TouristTests";
				PRODUCT_NAME = "$(TARGET_NAME)";
				SWIFT_VERSION = 4.0;
				TARGETED_DEVICE_FAMILY = "1,2";
				TEST_HOST = "$(BUILT_PRODUCTS_DIR)/Virtual Tourist.app/Virtual Tourist";
			};
			name = Debug;
		};
		E6F7F9FD20695DDA0016EF90 /* Release */ = {
			isa = XCBuildConfiguration;
			buildSettings = {
				ALWAYS_EMBED_SWIFT_STANDARD_LIBRARIES = YES;
				BUNDLE_LOADER = "$(TEST_HOST)";
				CODE_SIGN_STYLE = Automatic;
				DEVELOPMENT_TEAM = S5EZY468C5;
				INFOPLIST_FILE = "Virtual TouristTests/Info.plist";
				LD_RUNPATH_SEARCH_PATHS = "$(inherited) @executable_path/Frameworks @loader_path/Frameworks";
				PRODUCT_BUNDLE_IDENTIFIER = "br.com.progeekt.Virtual-TouristTests";
				PRODUCT_NAME = "$(TARGET_NAME)";
				SWIFT_VERSION = 4.0;
				TARGETED_DEVICE_FAMILY = "1,2";
				TEST_HOST = "$(BUILT_PRODUCTS_DIR)/Virtual Tourist.app/Virtual Tourist";
			};
			name = Release;
		};
/* End XCBuildConfiguration section */

/* Begin XCConfigurationList section */
		E6F7F9D320695DDA0016EF90 /* Build configuration list for PBXProject "Virtual Tourist" */ = {
			isa = XCConfigurationList;
			buildConfigurations = (
				E6F7F9F620695DDA0016EF90 /* Debug */,
				E6F7F9F720695DDA0016EF90 /* Release */,
			);
			defaultConfigurationIsVisible = 0;
			defaultConfigurationName = Release;
		};
		E6F7F9F820695DDA0016EF90 /* Build configuration list for PBXNativeTarget "Virtual Tourist" */ = {
			isa = XCConfigurationList;
			buildConfigurations = (
				E6F7F9F920695DDA0016EF90 /* Debug */,
				E6F7F9FA20695DDA0016EF90 /* Release */,
			);
			defaultConfigurationIsVisible = 0;
			defaultConfigurationName = Release;
		};
		E6F7F9FB20695DDA0016EF90 /* Build configuration list for PBXNativeTarget "Virtual TouristTests" */ = {
			isa = XCConfigurationList;
			buildConfigurations = (
				E6F7F9FC20695DDA0016EF90 /* Debug */,
				E6F7F9FD20695DDA0016EF90 /* Release */,
			);
			defaultConfigurationIsVisible = 0;
			defaultConfigurationName = Release;
		};
/* End XCConfigurationList section */

/* Begin XCVersionGroup section */
		E6F7F9E220695DDA0016EF90 /* Virtual_Tourist.xcdatamodeld */ = {
			isa = XCVersionGroup;
			children = (
				E6F7F9E320695DDA0016EF90 /* Virtual_Tourist.xcdatamodel */,
			);
			currentVersion = E6F7F9E320695DDA0016EF90 /* Virtual_Tourist.xcdatamodel */;
			path = Virtual_Tourist.xcdatamodeld;
			sourceTree = "<group>";
			versionGroupType = wrapper.xcdatamodel;
		};
/* End XCVersionGroup section */
	};
	rootObject = E6F7F9D020695DDA0016EF90 /* Project object */;
}
